
Microsoft Visual Studio Solution File, Format Version 12.00
# Visual Studio 15
Project("{FAE04EC0-301F-11D3-BF4B-00C04F79EFBC}") = "androidexa.Android", "androidexa.Android\androidexa.Android.csproj", "{C564C1E0-3DCF-4BD9-95E6-37DCFEC267D9}"
EndProject
Project("{FAE04EC0-301F-11D3-BF4B-00C04F79EFBC}") = "androidexa", "androidexa\androidexa.csproj", "{E6D639D6-89CF-4515-B221-DE272045049C}"
EndProject
Global
	GlobalSection(SolutionConfigurationPlatforms) = preSolution
		Debug|Any CPU = Debug|Any CPU
		Release|Any CPU = Release|Any CPU
	EndGlobalSection
	GlobalSection(ProjectConfigurationPlatforms) = postSolution
		{C564C1E0-3DCF-4BD9-95E6-37DCFEC267D9}.Debug|Any CPU.ActiveCfg = Debug|Any CPU
		{C564C1E0-3DCF-4BD9-95E6-37DCFEC267D9}.Debug|Any CPU.Build.0 = Debug|Any CPU
		{C564C1E0-3DCF-4BD9-95E6-37DCFEC267D9}.Release|Any CPU.ActiveCfg = Release|Any CPU
		{C564C1E0-3DCF-4BD9-95E6-37DCFEC267D9}.Release|Any CPU.Build.0 = Release|Any CPU
		{E6D639D6-89CF-4515-B221-DE272045049C}.Debug|Any CPU.ActiveCfg = Debug|Any CPU
		{E6D639D6-89CF-4515-B221-DE272045049C}.Debug|Any CPU.Build.0 = Debug|Any CPU
		{E6D639D6-89CF-4515-B221-DE272045049C}.Release|Any CPU.ActiveCfg = Release|Any CPU
		{E6D639D6-89CF-4515-B221-DE272045049C}.Release|Any CPU.Build.0 = Release|Any CPU
	EndGlobalSection
EndGlobal
